
Microsoft Visual Studio Solution File, Format Version 12.00
# Visual Studio Version 17
VisualStudioVersion = 17.3.32922.545
MinimumVisualStudioVersion = 10.0.40219.1
Project("{8BC9CEB8-8B4A-11D0-8D11-00A0C91BC942}") = "tema_leagan", "tema_leagan.vcxproj", "{778E1EE4-2294-440B-A73E-170CBDBB0C36}"
EndProject
Global
	GlobalSection(SolutionConfigurationPlatforms) = preSolution
		Debug|x64 = Debug|x64
		Debug|x86 = Debug|x86
		Release|x64 = Release|x64
		Release|x86 = Release|x86
	EndGlobalSection
	GlobalSection(ProjectConfigurationPlatforms) = postSolution
		{778E1EE4-2294-440B-A73E-170CBDBB0C36}.Debug|x64.ActiveCfg = Debug|x64
		{778E1EE4-2294-440B-A73E-170CBDBB0C36}.Debug|x64.Build.0 = Debug|x64
		{778E1EE4-2294-440B-A73E-170CBDBB0C36}.Debug|x86.ActiveCfg = Debug|Win32
		{778E1EE4-2294-440B-A73E-170CBDBB0C36}.Debug|x86.Build.0 = Debug|Win32
		{778E1EE4-2294-440B-A73E-170CBDBB0C36}.Release|x64.ActiveCfg = Release|x64
		{778E1EE4-2294-440B-A73E-170CBDBB0C36}.Release|x64.Build.0 = Release|x64
		{778E1EE4-2294-440B-A73E-170CBDBB0C36}.Release|x86.ActiveCfg = Release|Win32
		{778E1EE4-2294-440B-A73E-170CBDBB0C36}.Release|x86.Build.0 = Release|Win32
	EndGlobalSection
	GlobalSection(SolutionProperties) = preSolution
		HideSolutionNode = FALSE
	EndGlobalSection
	GlobalSection(ExtensibilityGlobals) = postSolution
		SolutionGuid = {D0BBEB8F-4607-4D22-B869-9E4EECF37369}
	EndGlobalSection
EndGlobal
