
Microsoft Visual Studio Solution File, Format Version 12.00
# Visual Studio Version 17
VisualStudioVersion = 17.3.32922.545
MinimumVisualStudioVersion = 10.0.40219.1
Project("{FAE04EC0-301F-11D3-BF4B-00C04F79EFBC}") = "cs_form1", "cs_form1.csproj", "{F27D60CD-210D-47C3-816C-053CEE6A03CC}"
EndProject
Global
	GlobalSection(SolutionConfigurationPlatforms) = preSolution
		Debug|Any CPU = Debug|Any CPU
		Release|Any CPU = Release|Any CPU
	EndGlobalSection
	GlobalSection(ProjectConfigurationPlatforms) = postSolution
		{F27D60CD-210D-47C3-816C-053CEE6A03CC}.Debug|Any CPU.ActiveCfg = Debug|Any CPU
		{F27D60CD-210D-47C3-816C-053CEE6A03CC}.Debug|Any CPU.Build.0 = Debug|Any CPU
		{F27D60CD-210D-47C3-816C-053CEE6A03CC}.Release|Any CPU.ActiveCfg = Release|Any CPU
		{F27D60CD-210D-47C3-816C-053CEE6A03CC}.Release|Any CPU.Build.0 = Release|Any CPU
	EndGlobalSection
	GlobalSection(SolutionProperties) = preSolution
		HideSolutionNode = FALSE
	EndGlobalSection
	GlobalSection(ExtensibilityGlobals) = postSolution
		SolutionGuid = {1CCE10B6-D30B-40A8-A6AB-47B7332C1E38}
	EndGlobalSection
EndGlobal
