
Microsoft Visual Studio Solution File, Format Version 12.00
# Visual Studio Version 17
VisualStudioVersion = 17.3.32922.545
MinimumVisualStudioVersion = 10.0.40219.1
Project("{FAE04EC0-301F-11D3-BF4B-00C04F79EFBC}") = "afisaz_baze_nr", "afisaz_baze_nr.csproj", "{B852E237-2A2F-4F9A-8E75-B598276FAC56}"
EndProject
Global
	GlobalSection(SolutionConfigurationPlatforms) = preSolution
		Debug|Any CPU = Debug|Any CPU
		Release|Any CPU = Release|Any CPU
	EndGlobalSection
	GlobalSection(ProjectConfigurationPlatforms) = postSolution
		{B852E237-2A2F-4F9A-8E75-B598276FAC56}.Debug|Any CPU.ActiveCfg = Debug|Any CPU
		{B852E237-2A2F-4F9A-8E75-B598276FAC56}.Debug|Any CPU.Build.0 = Debug|Any CPU
		{B852E237-2A2F-4F9A-8E75-B598276FAC56}.Release|Any CPU.ActiveCfg = Release|Any CPU
		{B852E237-2A2F-4F9A-8E75-B598276FAC56}.Release|Any CPU.Build.0 = Release|Any CPU
	EndGlobalSection
	GlobalSection(SolutionProperties) = preSolution
		HideSolutionNode = FALSE
	EndGlobalSection
	GlobalSection(ExtensibilityGlobals) = postSolution
		SolutionGuid = {2E6FD6AE-97E3-4762-BCD1-DEA3FB41DF34}
	EndGlobalSection
EndGlobal
